// !$*UTF8*$!
{
	archiveVersion = 1;
	classes = {
	};
	objectVersion = 50;
	objects = {

/* Begin PBXBuildFile section */
		4A08D65E2280098E00A22E6C /* LLCustomTabBarController.m in Sources */ = {isa = PBXBuildFile; fileRef = 4A08D65D2280098E00A22E6C /* LLCustomTabBarController.m */; };
		4A08D66222800D8E00A22E6C /* LLHomeViewController.m in Sources */ = {isa = PBXBuildFile; fileRef = 4A08D66122800D8E00A22E6C /* LLHomeViewController.m */; };
		4A08D66622800DA400A22E6C /* LLMineViewController.m in Sources */ = {isa = PBXBuildFile; fileRef = 4A08D66522800DA400A22E6C /* LLMineViewController.m */; };
		4A08D66A22800DB600A22E6C /* LLMessageViewController.m in Sources */ = {isa = PBXBuildFile; fileRef = 4A08D66922800DB600A22E6C /* LLMessageViewController.m */; };
		4A08D66E22800DDD00A22E6C /* LLDynamicViewController.m in Sources */ = {isa = PBXBuildFile; fileRef = 4A08D66D22800DDD00A22E6C /* LLDynamicViewController.m */; };
		4A08D67122800EF100A22E6C /* LZYCustomBaseNavigationViewController.m in Sources */ = {isa = PBXBuildFile; fileRef = 4A08D67022800EF100A22E6C /* LZYCustomBaseNavigationViewController.m */; };
		4A08D6752280306000A22E6C /* LLPublishViewController.m in Sources */ = {isa = PBXBuildFile; fileRef = 4A08D6742280306000A22E6C /* LLPublishViewController.m */; };
		4A08D6782281684E00A22E6C /* LLPublishDetailViewController.m in Sources */ = {isa = PBXBuildFile; fileRef = 4A08D6772281684E00A22E6C /* LLPublishDetailViewController.m */; };
		4A3E35562269BD7800C4C96B /* UINavigationController+FDFullscreenPopGesture.m in Sources */ = {isa = PBXBuildFile; fileRef = 4A3E35362269BD7800C4C96B /* UINavigationController+FDFullscreenPopGesture.m */; };
		4A3E35572269BD7800C4C96B /* NSTimer+BlocksKit.m in Sources */ = {isa = PBXBuildFile; fileRef = 4A3E353A2269BD7800C4C96B /* NSTimer+BlocksKit.m */; };
		4A3E35582269BD7800C4C96B /* UIWebView+BlocksKit.m in Sources */ = {isa = PBXBuildFile; fileRef = 4A3E353F2269BD7800C4C96B /* UIWebView+BlocksKit.m */; };
		4A3E35592269BD7800C4C96B /* UIBarButtonItem+BlocksKit.m in Sources */ = {isa = PBXBuildFile; fileRef = 4A3E35412269BD7800C4C96B /* UIBarButtonItem+BlocksKit.m */; };
		4A3E355A2269BD7800C4C96B /* UIAlertView+BlocksKit.m in Sources */ = {isa = PBXBuildFile; fileRef = 4A3E35422269BD7800C4C96B /* UIAlertView+BlocksKit.m */; };
		4A3E355B2269BD7800C4C96B /* UIView+BlocksKit.m in Sources */ = {isa = PBXBuildFile; fileRef = 4A3E35432269BD7800C4C96B /* UIView+BlocksKit.m */; };
		4A3E355C2269BD7800C4C96B /* UIGestureRecognizer+BlocksKit.m in Sources */ = {isa = PBXBuildFile; fileRef = 4A3E35442269BD7800C4C96B /* UIGestureRecognizer+BlocksKit.m */; };
		4A3E355D2269BD7800C4C96B /* UIPopoverController+BlocksKit.m in Sources */ = {isa = PBXBuildFile; fileRef = 4A3E35452269BD7800C4C96B /* UIPopoverController+BlocksKit.m */; };
		4A3E355E2269BD7800C4C96B /* UIActionSheet+BlocksKit.m in Sources */ = {isa = PBXBuildFile; fileRef = 4A3E35462269BD7800C4C96B /* UIActionSheet+BlocksKit.m */; };
		4A3E355F2269BD7800C4C96B /* UIControl+BlocksKit.m in Sources */ = {isa = PBXBuildFile; fileRef = 4A3E35472269BD7800C4C96B /* UIControl+BlocksKit.m */; };
		4A3E35602269BD7800C4C96B /* A2BlockInvocation.m in Sources */ = {isa = PBXBuildFile; fileRef = 4A3E354E2269BD7800C4C96B /* A2BlockInvocation.m */; };
		4A3E35612269BD7800C4C96B /* NSObject+A2BlockDelegate.m in Sources */ = {isa = PBXBuildFile; fileRef = 4A3E35512269BD7800C4C96B /* NSObject+A2BlockDelegate.m */; };
		4A3E35622269BD7800C4C96B /* A2DynamicDelegate.m in Sources */ = {isa = PBXBuildFile; fileRef = 4A3E35532269BD7800C4C96B /* A2DynamicDelegate.m */; };
		4A3E35632269BD7800C4C96B /* NSObject+A2DynamicDelegate.m in Sources */ = {isa = PBXBuildFile; fileRef = 4A3E35542269BD7800C4C96B /* NSObject+A2DynamicDelegate.m */; };
		4A3E35B42269BD8800C4C96B /* UIImage+Zip.m in Sources */ = {isa = PBXBuildFile; fileRef = 4A3E35882269BD8800C4C96B /* UIImage+Zip.m */; };
		4A3E35CD2269C6B400C4C96B /* NSDictionary+SafeAccess.m in Sources */ = {isa = PBXBuildFile; fileRef = 4A3E35CC2269C6B400C4C96B /* NSDictionary+SafeAccess.m */; };
		4A3E35D02269CA6200C4C96B /* UIView+RoundCorner.m in Sources */ = {isa = PBXBuildFile; fileRef = 4A3E35CF2269CA6200C4C96B /* UIView+RoundCorner.m */; };
		4A3E35D32269CC3700C4C96B /* NSString+Modify.m in Sources */ = {isa = PBXBuildFile; fileRef = 4A3E35D22269CC3700C4C96B /* NSString+Modify.m */; };
		4AF29C4A2276DB2600622BC2 /* LZYDateTimePickerView.m in Sources */ = {isa = PBXBuildFile; fileRef = 4AF29C492276DB2600622BC2 /* LZYDateTimePickerView.m */; };
		4AF29C4D2276E63300622BC2 /* NSDate+Transfer.m in Sources */ = {isa = PBXBuildFile; fileRef = 4AF29C4C2276E63300622BC2 /* NSDate+Transfer.m */; };
		4AF29C502276E9C700622BC2 /* NSString+Transfer.m in Sources */ = {isa = PBXBuildFile; fileRef = 4AF29C4F2276E9C700622BC2 /* NSString+Transfer.m */; };
		4AF29CF22277E10B00622BC2 /* LZYConfirmView.m in Sources */ = {isa = PBXBuildFile; fileRef = 4AF29CF12277E10B00622BC2 /* LZYConfirmView.m */; };
		4AF29CF82277FC2900622BC2 /* CustomTabBar.m in Sources */ = {isa = PBXBuildFile; fileRef = 4AF29CF72277FC2900622BC2 /* CustomTabBar.m */; };
		4AF29CFB22781E1700622BC2 /* LZYCustomBaseTabBarController.m in Sources */ = {isa = PBXBuildFile; fileRef = 4AF29CFA22781E1700622BC2 /* LZYCustomBaseTabBarController.m */; };
		4AFE35B02269A52B003120DC /* AppDelegate.m in Sources */ = {isa = PBXBuildFile; fileRef = 4AFE35AF2269A52B003120DC /* AppDelegate.m */; };
		4AFE35B32269A52B003120DC /* ViewController.m in Sources */ = {isa = PBXBuildFile; fileRef = 4AFE35B22269A52B003120DC /* ViewController.m */; };
		4AFE35B62269A52B003120DC /* Main.storyboard in Resources */ = {isa = PBXBuildFile; fileRef = 4AFE35B42269A52B003120DC /* Main.storyboard */; };
		4AFE35B82269A52C003120DC /* Assets.xcassets in Resources */ = {isa = PBXBuildFile; fileRef = 4AFE35B72269A52C003120DC /* Assets.xcassets */; };
		4AFE35BB2269A52C003120DC /* LaunchScreen.storyboard in Resources */ = {isa = PBXBuildFile; fileRef = 4AFE35B92269A52C003120DC /* LaunchScreen.storyboard */; };
		4AFE35BE2269A52C003120DC /* main.m in Sources */ = {isa = PBXBuildFile; fileRef = 4AFE35BD2269A52C003120DC /* main.m */; };
		4AFE35C82269A52C003120DC /* LZYStudyTests.m in Sources */ = {isa = PBXBuildFile; fileRef = 4AFE35C72269A52C003120DC /* LZYStudyTests.m */; };
		4AFE35D32269A52C003120DC /* LZYStudyUITests.m in Sources */ = {isa = PBXBuildFile; fileRef = 4AFE35D22269A52C003120DC /* LZYStudyUITests.m */; };
		4AFE35F02269BA79003120DC /* UIView+Frame.m in Sources */ = {isa = PBXBuildFile; fileRef = 4AFE35EF2269BA79003120DC /* UIView+Frame.m */; };
		646BA419422FCCD6D549995E /* Pods_LZYStudy.framework in Frameworks */ = {isa = PBXBuildFile; fileRef = FE23D9FFA9DE01FDC0DA490B /* Pods_LZYStudy.framework */; };
		824C3C38243100022D7F83BD /* Pods_LZYStudyTests.framework in Frameworks */ = {isa = PBXBuildFile; fileRef = 9422221D95E7E4591B847561 /* Pods_LZYStudyTests.framework */; };
		DAA0F1A1AA641C9A589123ED /* Pods_LZYStudyUITests.framework in Frameworks */ = {isa = PBXBuildFile; fileRef = 8B85FE7F43930A7724304F6D /* Pods_LZYStudyUITests.framework */; };
/* End PBXBuildFile section */

/* Begin PBXContainerItemProxy section */
		4AFE35C42269A52C003120DC /* PBXContainerItemProxy */ = {
			isa = PBXContainerItemProxy;
			containerPortal = 4AFE35A32269A52B003120DC /* Project object */;
			proxyType = 1;
			remoteGlobalIDString = 4AFE35AA2269A52B003120DC;
			remoteInfo = LZYStudy;
		};
		4AFE35CF2269A52C003120DC /* PBXContainerItemProxy */ = {
			isa = PBXContainerItemProxy;
			containerPortal = 4AFE35A32269A52B003120DC /* Project object */;
			proxyType = 1;
			remoteGlobalIDString = 4AFE35AA2269A52B003120DC;
			remoteInfo = LZYStudy;
		};
/* End PBXContainerItemProxy section */

/* Begin PBXFileReference section */
		06E74CCC4503672FE0FF2342 /* Pods-LZYStudyUITests.release.xcconfig */ = {isa = PBXFileReference; includeInIndex = 1; lastKnownFileType = text.xcconfig; name = "Pods-LZYStudyUITests.release.xcconfig"; path = "Pods/Target Support Files/Pods-LZYStudyUITests/Pods-LZYStudyUITests.release.xcconfig"; sourceTree = "<group>"; };
		4A08D65C2280098E00A22E6C /* LLCustomTabBarController.h */ = {isa = PBXFileReference; lastKnownFileType = sourcecode.c.h; path = LLCustomTabBarController.h; sourceTree = "<group>"; };
		4A08D65D2280098E00A22E6C /* LLCustomTabBarController.m */ = {isa = PBXFileReference; lastKnownFileType = sourcecode.c.objc; path = LLCustomTabBarController.m; sourceTree = "<group>"; };
		4A08D66022800D8E00A22E6C /* LLHomeViewController.h */ = {isa = PBXFileReference; lastKnownFileType = sourcecode.c.h; path = LLHomeViewController.h; sourceTree = "<group>"; };
		4A08D66122800D8E00A22E6C /* LLHomeViewController.m */ = {isa = PBXFileReference; lastKnownFileType = sourcecode.c.objc; path = LLHomeViewController.m; sourceTree = "<group>"; };
		4A08D66422800DA400A22E6C /* LLMineViewController.h */ = {isa = PBXFileReference; lastKnownFileType = sourcecode.c.h; path = LLMineViewController.h; sourceTree = "<group>"; };
		4A08D66522800DA400A22E6C /* LLMineViewController.m */ = {isa = PBXFileReference; lastKnownFileType = sourcecode.c.objc; path = LLMineViewController.m; sourceTree = "<group>"; };
		4A08D66822800DB600A22E6C /* LLMessageViewController.h */ = {isa = PBXFileReference; lastKnownFileType = sourcecode.c.h; path = LLMessageViewController.h; sourceTree = "<group>"; };
		4A08D66922800DB600A22E6C /* LLMessageViewController.m */ = {isa = PBXFileReference; lastKnownFileType = sourcecode.c.objc; path = LLMessageViewController.m; sourceTree = "<group>"; };
		4A08D66C22800DDD00A22E6C /* LLDynamicViewController.h */ = {isa = PBXFileReference; lastKnownFileType = sourcecode.c.h; path = LLDynamicViewController.h; sourceTree = "<group>"; };
		4A08D66D22800DDD00A22E6C /* LLDynamicViewController.m */ = {isa = PBXFileReference; lastKnownFileType = sourcecode.c.objc; path = LLDynamicViewController.m; sourceTree = "<group>"; };
		4A08D66F22800EF100A22E6C /* LZYCustomBaseNavigationViewController.h */ = {isa = PBXFileReference; lastKnownFileType = sourcecode.c.h; path = LZYCustomBaseNavigationViewController.h; sourceTree = "<group>"; };
		4A08D67022800EF100A22E6C /* LZYCustomBaseNavigationViewController.m */ = {isa = PBXFileReference; lastKnownFileType = sourcecode.c.objc; path = LZYCustomBaseNavigationViewController.m; sourceTree = "<group>"; };
		4A08D6732280306000A22E6C /* LLPublishViewController.h */ = {isa = PBXFileReference; lastKnownFileType = sourcecode.c.h; path = LLPublishViewController.h; sourceTree = "<group>"; };
		4A08D6742280306000A22E6C /* LLPublishViewController.m */ = {isa = PBXFileReference; lastKnownFileType = sourcecode.c.objc; path = LLPublishViewController.m; sourceTree = "<group>"; };
		4A08D6762281684E00A22E6C /* LLPublishDetailViewController.h */ = {isa = PBXFileReference; lastKnownFileType = sourcecode.c.h; path = LLPublishDetailViewController.h; sourceTree = "<group>"; };
		4A08D6772281684E00A22E6C /* LLPublishDetailViewController.m */ = {isa = PBXFileReference; lastKnownFileType = sourcecode.c.objc; path = LLPublishDetailViewController.m; sourceTree = "<group>"; };
		4A3E35352269BD7800C4C96B /* UINavigationController+FDFullscreenPopGesture.h */ = {isa = PBXFileReference; fileEncoding = 4; lastKnownFileType = sourcecode.c.h; path = "UINavigationController+FDFullscreenPopGesture.h"; sourceTree = "<group>"; };
		4A3E35362269BD7800C4C96B /* UINavigationController+FDFullscreenPopGesture.m */ = {isa = PBXFileReference; fileEncoding = 4; lastKnownFileType = sourcecode.c.objc; path = "UINavigationController+FDFullscreenPopGesture.m"; sourceTree = "<group>"; };
		4A3E35382269BD7800C4C96B /* BlocksKit+UIKit.h */ = {isa = PBXFileReference; fileEncoding = 4; lastKnownFileType = sourcecode.c.h; path = "BlocksKit+UIKit.h"; sourceTree = "<group>"; };
		4A3E353A2269BD7800C4C96B /* NSTimer+BlocksKit.m */ = {isa = PBXFileReference; fileEncoding = 4; lastKnownFileType = sourcecode.c.objc; path = "NSTimer+BlocksKit.m"; sourceTree = "<group>"; };
		4A3E353B2269BD7800C4C96B /* NSTimer+BlocksKit.h */ = {isa = PBXFileReference; fileEncoding = 4; lastKnownFileType = sourcecode.c.h; path = "NSTimer+BlocksKit.h"; sourceTree = "<group>"; };
		4A3E353D2269BD7800C4C96B /* UIActionSheet+BlocksKit.h */ = {isa = PBXFileReference; fileEncoding = 4; lastKnownFileType = sourcecode.c.h; path = "UIActionSheet+BlocksKit.h"; sourceTree = "<group>"; };
		4A3E353E2269BD7800C4C96B /* UIPopoverController+BlocksKit.h */ = {isa = PBXFileReference; fileEncoding = 4; lastKnownFileType = sourcecode.c.h; path = "UIPopoverController+BlocksKit.h"; sourceTree = "<group>"; };
		4A3E353F2269BD7800C4C96B /* UIWebView+BlocksKit.m */ = {isa = PBXFileReference; fileEncoding = 4; lastKnownFileType = sourcecode.c.objc; path = "UIWebView+BlocksKit.m"; sourceTree = "<group>"; };
		4A3E35402269BD7800C4C96B /* UIControl+BlocksKit.h */ = {isa = PBXFileReference; fileEncoding = 4; lastKnownFileType = sourcecode.c.h; path = "UIControl+BlocksKit.h"; sourceTree = "<group>"; };
		4A3E35412269BD7800C4C96B /* UIBarButtonItem+BlocksKit.m */ = {isa = PBXFileReference; fileEncoding = 4; lastKnownFileType = sourcecode.c.objc; path = "UIBarButtonItem+BlocksKit.m"; sourceTree = "<group>"; };
		4A3E35422269BD7800C4C96B /* UIAlertView+BlocksKit.m */ = {isa = PBXFileReference; fileEncoding = 4; lastKnownFileType = sourcecode.c.objc; path = "UIAlertView+BlocksKit.m"; sourceTree = "<group>"; };
		4A3E35432269BD7800C4C96B /* UIView+BlocksKit.m */ = {isa = PBXFileReference; fileEncoding = 4; lastKnownFileType = sourcecode.c.objc; path = "UIView+BlocksKit.m"; sourceTree = "<group>"; };
		4A3E35442269BD7800C4C96B /* UIGestureRecognizer+BlocksKit.m */ = {isa = PBXFileReference; fileEncoding = 4; lastKnownFileType = sourcecode.c.objc; path = "UIGestureRecognizer+BlocksKit.m"; sourceTree = "<group>"; };
		4A3E35452269BD7800C4C96B /* UIPopoverController+BlocksKit.m */ = {isa = PBXFileReference; fileEncoding = 4; lastKnownFileType = sourcecode.c.objc; path = "UIPopoverController+BlocksKit.m"; sourceTree = "<group>"; };
		4A3E35462269BD7800C4C96B /* UIActionSheet+BlocksKit.m */ = {isa = PBXFileReference; fileEncoding = 4; lastKnownFileType = sourcecode.c.objc; path = "UIActionSheet+BlocksKit.m"; sourceTree = "<group>"; };
		4A3E35472269BD7800C4C96B /* UIControl+BlocksKit.m */ = {isa = PBXFileReference; fileEncoding = 4; lastKnownFileType = sourcecode.c.objc; path = "UIControl+BlocksKit.m"; sourceTree = "<group>"; };
		4A3E35482269BD7800C4C96B /* UIWebView+BlocksKit.h */ = {isa = PBXFileReference; fileEncoding = 4; lastKnownFileType = sourcecode.c.h; path = "UIWebView+BlocksKit.h"; sourceTree = "<group>"; };
		4A3E35492269BD7800C4C96B /* UIView+BlocksKit.h */ = {isa = PBXFileReference; fileEncoding = 4; lastKnownFileType = sourcecode.c.h; path = "UIView+BlocksKit.h"; sourceTree = "<group>"; };
		4A3E354A2269BD7800C4C96B /* UIAlertView+BlocksKit.h */ = {isa = PBXFileReference; fileEncoding = 4; lastKnownFileType = sourcecode.c.h; path = "UIAlertView+BlocksKit.h"; sourceTree = "<group>"; };
		4A3E354B2269BD7800C4C96B /* UIBarButtonItem+BlocksKit.h */ = {isa = PBXFileReference; fileEncoding = 4; lastKnownFileType = sourcecode.c.h; path = "UIBarButtonItem+BlocksKit.h"; sourceTree = "<group>"; };
		4A3E354C2269BD7800C4C96B /* UIGestureRecognizer+BlocksKit.h */ = {isa = PBXFileReference; fileEncoding = 4; lastKnownFileType = sourcecode.c.h; path = "UIGestureRecognizer+BlocksKit.h"; sourceTree = "<group>"; };
		4A3E354E2269BD7800C4C96B /* A2BlockInvocation.m */ = {isa = PBXFileReference; fileEncoding = 4; lastKnownFileType = sourcecode.c.objc; path = A2BlockInvocation.m; sourceTree = "<group>"; };
		4A3E354F2269BD7800C4C96B /* NSObject+A2DynamicDelegate.h */ = {isa = PBXFileReference; fileEncoding = 4; lastKnownFileType = sourcecode.c.h; path = "NSObject+A2DynamicDelegate.h"; sourceTree = "<group>"; };
		4A3E35502269BD7800C4C96B /* A2DynamicDelegate.h */ = {isa = PBXFileReference; fileEncoding = 4; lastKnownFileType = sourcecode.c.h; path = A2DynamicDelegate.h; sourceTree = "<group>"; };
		4A3E35512269BD7800C4C96B /* NSObject+A2BlockDelegate.m */ = {isa = PBXFileReference; fileEncoding = 4; lastKnownFileType = sourcecode.c.objc; path = "NSObject+A2BlockDelegate.m"; sourceTree = "<group>"; };
		4A3E35522269BD7800C4C96B /* A2BlockInvocation.h */ = {isa = PBXFileReference; fileEncoding = 4; lastKnownFileType = sourcecode.c.h; path = A2BlockInvocation.h; sourceTree = "<group>"; };
		4A3E35532269BD7800C4C96B /* A2DynamicDelegate.m */ = {isa = PBXFileReference; fileEncoding = 4; lastKnownFileType = sourcecode.c.objc; path = A2DynamicDelegate.m; sourceTree = "<group>"; };
		4A3E35542269BD7800C4C96B /* NSObject+A2DynamicDelegate.m */ = {isa = PBXFileReference; fileEncoding = 4; lastKnownFileType = sourcecode.c.objc; path = "NSObject+A2DynamicDelegate.m"; sourceTree = "<group>"; };
		4A3E35552269BD7800C4C96B /* NSObject+A2BlockDelegate.h */ = {isa = PBXFileReference; fileEncoding = 4; lastKnownFileType = sourcecode.c.h; path = "NSObject+A2BlockDelegate.h"; sourceTree = "<group>"; };
		4A3E35702269BD8800C4C96B /* UIImage+Zip.h */ = {isa = PBXFileReference; fileEncoding = 4; lastKnownFileType = sourcecode.c.h; path = "UIImage+Zip.h"; sourceTree = "<group>"; };
		4A3E35882269BD8800C4C96B /* UIImage+Zip.m */ = {isa = PBXFileReference; fileEncoding = 4; lastKnownFileType = sourcecode.c.objc; path = "UIImage+Zip.m"; sourceTree = "<group>"; };
		4A3E35CB2269C6B400C4C96B /* NSDictionary+SafeAccess.h */ = {isa = PBXFileReference; lastKnownFileType = sourcecode.c.h; path = "NSDictionary+SafeAccess.h"; sourceTree = "<group>"; };
		4A3E35CC2269C6B400C4C96B /* NSDictionary+SafeAccess.m */ = {isa = PBXFileReference; lastKnownFileType = sourcecode.c.objc; path = "NSDictionary+SafeAccess.m"; sourceTree = "<group>"; };
		4A3E35CE2269CA6200C4C96B /* UIView+RoundCorner.h */ = {isa = PBXFileReference; lastKnownFileType = sourcecode.c.h; path = "UIView+RoundCorner.h"; sourceTree = "<group>"; };
		4A3E35CF2269CA6200C4C96B /* UIView+RoundCorner.m */ = {isa = PBXFileReference; lastKnownFileType = sourcecode.c.objc; path = "UIView+RoundCorner.m"; sourceTree = "<group>"; };
		4A3E35D12269CC3700C4C96B /* NSString+Modify.h */ = {isa = PBXFileReference; lastKnownFileType = sourcecode.c.h; path = "NSString+Modify.h"; sourceTree = "<group>"; };
		4A3E35D22269CC3700C4C96B /* NSString+Modify.m */ = {isa = PBXFileReference; lastKnownFileType = sourcecode.c.objc; path = "NSString+Modify.m"; sourceTree = "<group>"; };
		4AF29C482276DB2600622BC2 /* LZYDateTimePickerView.h */ = {isa = PBXFileReference; lastKnownFileType = sourcecode.c.h; path = LZYDateTimePickerView.h; sourceTree = "<group>"; };
		4AF29C492276DB2600622BC2 /* LZYDateTimePickerView.m */ = {isa = PBXFileReference; lastKnownFileType = sourcecode.c.objc; path = LZYDateTimePickerView.m; sourceTree = "<group>"; };
		4AF29C4B2276E63300622BC2 /* NSDate+Transfer.h */ = {isa = PBXFileReference; lastKnownFileType = sourcecode.c.h; path = "NSDate+Transfer.h"; sourceTree = "<group>"; };
		4AF29C4C2276E63300622BC2 /* NSDate+Transfer.m */ = {isa = PBXFileReference; lastKnownFileType = sourcecode.c.objc; path = "NSDate+Transfer.m"; sourceTree = "<group>"; };
		4AF29C4E2276E9C700622BC2 /* NSString+Transfer.h */ = {isa = PBXFileReference; lastKnownFileType = sourcecode.c.h; path = "NSString+Transfer.h"; sourceTree = "<group>"; };
		4AF29C4F2276E9C700622BC2 /* NSString+Transfer.m */ = {isa = PBXFileReference; lastKnownFileType = sourcecode.c.objc; path = "NSString+Transfer.m"; sourceTree = "<group>"; };
		4AF29CF02277E10B00622BC2 /* LZYConfirmView.h */ = {isa = PBXFileReference; lastKnownFileType = sourcecode.c.h; path = LZYConfirmView.h; sourceTree = "<group>"; };
		4AF29CF12277E10B00622BC2 /* LZYConfirmView.m */ = {isa = PBXFileReference; lastKnownFileType = sourcecode.c.objc; path = LZYConfirmView.m; sourceTree = "<group>"; };
		4AF29CF62277FC2900622BC2 /* CustomTabBar.h */ = {isa = PBXFileReference; lastKnownFileType = sourcecode.c.h; path = CustomTabBar.h; sourceTree = "<group>"; };
		4AF29CF72277FC2900622BC2 /* CustomTabBar.m */ = {isa = PBXFileReference; lastKnownFileType = sourcecode.c.objc; path = CustomTabBar.m; sourceTree = "<group>"; };
		4AF29CF922781E1700622BC2 /* LZYCustomBaseTabBarController.h */ = {isa = PBXFileReference; lastKnownFileType = sourcecode.c.h; path = LZYCustomBaseTabBarController.h; sourceTree = "<group>"; };
		4AF29CFA22781E1700622BC2 /* LZYCustomBaseTabBarController.m */ = {isa = PBXFileReference; lastKnownFileType = sourcecode.c.objc; path = LZYCustomBaseTabBarController.m; sourceTree = "<group>"; };
		4AFE35AB2269A52B003120DC /* LZYStudy.app */ = {isa = PBXFileReference; explicitFileType = wrapper.application; includeInIndex = 0; path = LZYStudy.app; sourceTree = BUILT_PRODUCTS_DIR; };
		4AFE35AE2269A52B003120DC /* AppDelegate.h */ = {isa = PBXFileReference; lastKnownFileType = sourcecode.c.h; path = AppDelegate.h; sourceTree = "<group>"; };
		4AFE35AF2269A52B003120DC /* AppDelegate.m */ = {isa = PBXFileReference; lastKnownFileType = sourcecode.c.objc; path = AppDelegate.m; sourceTree = "<group>"; };
		4AFE35B12269A52B003120DC /* ViewController.h */ = {isa = PBXFileReference; lastKnownFileType = sourcecode.c.h; path = ViewController.h; sourceTree = "<group>"; };
		4AFE35B22269A52B003120DC /* ViewController.m */ = {isa = PBXFileReference; lastKnownFileType = sourcecode.c.objc; path = ViewController.m; sourceTree = "<group>"; };
		4AFE35B52269A52B003120DC /* Base */ = {isa = PBXFileReference; lastKnownFileType = file.storyboard; name = Base; path = Base.lproj/Main.storyboard; sourceTree = "<group>"; };
		4AFE35B72269A52C003120DC /* Assets.xcassets */ = {isa = PBXFileReference; lastKnownFileType = folder.assetcatalog; path = Assets.xcassets; sourceTree = "<group>"; };
		4AFE35BA2269A52C003120DC /* Base */ = {isa = PBXFileReference; lastKnownFileType = file.storyboard; name = Base; path = Base.lproj/LaunchScreen.storyboard; sourceTree = "<group>"; };
		4AFE35BC2269A52C003120DC /* Info.plist */ = {isa = PBXFileReference; lastKnownFileType = text.plist.xml; path = Info.plist; sourceTree = "<group>"; };
		4AFE35BD2269A52C003120DC /* main.m */ = {isa = PBXFileReference; lastKnownFileType = sourcecode.c.objc; path = main.m; sourceTree = "<group>"; };
		4AFE35C32269A52C003120DC /* LZYStudyTests.xctest */ = {isa = PBXFileReference; explicitFileType = wrapper.cfbundle; includeInIndex = 0; path = LZYStudyTests.xctest; sourceTree = BUILT_PRODUCTS_DIR; };
		4AFE35C72269A52C003120DC /* LZYStudyTests.m */ = {isa = PBXFileReference; lastKnownFileType = sourcecode.c.objc; path = LZYStudyTests.m; sourceTree = "<group>"; };
		4AFE35C92269A52C003120DC /* Info.plist */ = {isa = PBXFileReference; lastKnownFileType = text.plist.xml; path = Info.plist; sourceTree = "<group>"; };
		4AFE35CE2269A52C003120DC /* LZYStudyUITests.xctest */ = {isa = PBXFileReference; explicitFileType = wrapper.cfbundle; includeInIndex = 0; path = LZYStudyUITests.xctest; sourceTree = BUILT_PRODUCTS_DIR; };
		4AFE35D22269A52C003120DC /* LZYStudyUITests.m */ = {isa = PBXFileReference; lastKnownFileType = sourcecode.c.objc; path = LZYStudyUITests.m; sourceTree = "<group>"; };
		4AFE35D42269A52C003120DC /* Info.plist */ = {isa = PBXFileReference; lastKnownFileType = text.plist.xml; path = Info.plist; sourceTree = "<group>"; };
		4AFE35E52269AACA003120DC /* LZYMacro.h */ = {isa = PBXFileReference; lastKnownFileType = sourcecode.c.h; path = LZYMacro.h; sourceTree = "<group>"; };
		4AFE35EE2269BA79003120DC /* UIView+Frame.h */ = {isa = PBXFileReference; lastKnownFileType = sourcecode.c.h; path = "UIView+Frame.h"; sourceTree = "<group>"; };
		4AFE35EF2269BA79003120DC /* UIView+Frame.m */ = {isa = PBXFileReference; lastKnownFileType = sourcecode.c.objc; path = "UIView+Frame.m"; sourceTree = "<group>"; };
		568BAA0739D0698BBA059F3B /* Pods-LZYStudyTests.debug.xcconfig */ = {isa = PBXFileReference; includeInIndex = 1; lastKnownFileType = text.xcconfig; name = "Pods-LZYStudyTests.debug.xcconfig"; path = "Pods/Target Support Files/Pods-LZYStudyTests/Pods-LZYStudyTests.debug.xcconfig"; sourceTree = "<group>"; };
		8B85FE7F43930A7724304F6D /* Pods_LZYStudyUITests.framework */ = {isa = PBXFileReference; explicitFileType = wrapper.framework; includeInIndex = 0; path = Pods_LZYStudyUITests.framework; sourceTree = BUILT_PRODUCTS_DIR; };
		8EDF339595885C817E27C665 /* Pods-LZYStudyTests.release.xcconfig */ = {isa = PBXFileReference; includeInIndex = 1; lastKnownFileType = text.xcconfig; name = "Pods-LZYStudyTests.release.xcconfig"; path = "Pods/Target Support Files/Pods-LZYStudyTests/Pods-LZYStudyTests.release.xcconfig"; sourceTree = "<group>"; };
		9422221D95E7E4591B847561 /* Pods_LZYStudyTests.framework */ = {isa = PBXFileReference; explicitFileType = wrapper.framework; includeInIndex = 0; path = Pods_LZYStudyTests.framework; sourceTree = BUILT_PRODUCTS_DIR; };
		9C694EE3CF1D6032E0B47A56 /* Pods-LZYStudy.release.xcconfig */ = {isa = PBXFileReference; includeInIndex = 1; lastKnownFileType = text.xcconfig; name = "Pods-LZYStudy.release.xcconfig"; path = "Pods/Target Support Files/Pods-LZYStudy/Pods-LZYStudy.release.xcconfig"; sourceTree = "<group>"; };
		9F5C2FB829623524BE64D221 /* Pods-LZYStudy.debug.xcconfig */ = {isa = PBXFileReference; includeInIndex = 1; lastKnownFileType = text.xcconfig; name = "Pods-LZYStudy.debug.xcconfig"; path = "Pods/Target Support Files/Pods-LZYStudy/Pods-LZYStudy.debug.xcconfig"; sourceTree = "<group>"; };
		EE72E4408400810A38880BFE /* Pods-LZYStudyUITests.debug.xcconfig */ = {isa = PBXFileReference; includeInIndex = 1; lastKnownFileType = text.xcconfig; name = "Pods-LZYStudyUITests.debug.xcconfig"; path = "Pods/Target Support Files/Pods-LZYStudyUITests/Pods-LZYStudyUITests.debug.xcconfig"; sourceTree = "<group>"; };
		FE23D9FFA9DE01FDC0DA490B /* Pods_LZYStudy.framework */ = {isa = PBXFileReference; explicitFileType = wrapper.framework; includeInIndex = 0; path = Pods_LZYStudy.framework; sourceTree = BUILT_PRODUCTS_DIR; };
/* End PBXFileReference section */

/* Begin PBXFrameworksBuildPhase section */
		4AFE35A82269A52B003120DC /* Frameworks */ = {
			isa = PBXFrameworksBuildPhase;
			buildActionMask = 2147483647;
			files = (
				646BA419422FCCD6D549995E /* Pods_LZYStudy.framework in Frameworks */,
			);
			runOnlyForDeploymentPostprocessing = 0;
		};
		4AFE35C02269A52C003120DC /* Frameworks */ = {
			isa = PBXFrameworksBuildPhase;
			buildActionMask = 2147483647;
			files = (
				824C3C38243100022D7F83BD /* Pods_LZYStudyTests.framework in Frameworks */,
			);
			runOnlyForDeploymentPostprocessing = 0;
		};
		4AFE35CB2269A52C003120DC /* Frameworks */ = {
			isa = PBXFrameworksBuildPhase;
			buildActionMask = 2147483647;
			files = (
				DAA0F1A1AA641C9A589123ED /* Pods_LZYStudyUITests.framework in Frameworks */,
			);
			runOnlyForDeploymentPostprocessing = 0;
		};
/* End PBXFrameworksBuildPhase section */

/* Begin PBXGroup section */
		422D0D6ACDAB31D982566A3D /* Frameworks */ = {
			isa = PBXGroup;
			children = (
				FE23D9FFA9DE01FDC0DA490B /* Pods_LZYStudy.framework */,
				9422221D95E7E4591B847561 /* Pods_LZYStudyTests.framework */,
				8B85FE7F43930A7724304F6D /* Pods_LZYStudyUITests.framework */,
			);
			name = Frameworks;
			sourceTree = "<group>";
		};
		4A08D65F228009B800A22E6C /* BaseController */ = {
			isa = PBXGroup;
			children = (
				4AF29CF922781E1700622BC2 /* LZYCustomBaseTabBarController.h */,
				4AF29CFA22781E1700622BC2 /* LZYCustomBaseTabBarController.m */,
				4A08D66F22800EF100A22E6C /* LZYCustomBaseNavigationViewController.h */,
				4A08D67022800EF100A22E6C /* LZYCustomBaseNavigationViewController.m */,
			);
			path = BaseController;
			sourceTree = "<group>";
		};
		4A08D66322800D9A00A22E6C /* Mine */ = {
			isa = PBXGroup;
			children = (
				4A08D66422800DA400A22E6C /* LLMineViewController.h */,
				4A08D66522800DA400A22E6C /* LLMineViewController.m */,
			);
			path = Mine;
			sourceTree = "<group>";
		};
		4A08D66722800DAA00A22E6C /* Message */ = {
			isa = PBXGroup;
			children = (
				4A08D66822800DB600A22E6C /* LLMessageViewController.h */,
				4A08D66922800DB600A22E6C /* LLMessageViewController.m */,
			);
			path = Message;
			sourceTree = "<group>";
		};
		4A08D66B22800DD300A22E6C /* Dynamic */ = {
			isa = PBXGroup;
			children = (
				4A08D66C22800DDD00A22E6C /* LLDynamicViewController.h */,
				4A08D66D22800DDD00A22E6C /* LLDynamicViewController.m */,
			);
			path = Dynamic;
			sourceTree = "<group>";
		};
		4A08D6722280304800A22E6C /* Center */ = {
			isa = PBXGroup;
			children = (
				4A08D6732280306000A22E6C /* LLPublishViewController.h */,
				4A08D6742280306000A22E6C /* LLPublishViewController.m */,
				4A08D6762281684E00A22E6C /* LLPublishDetailViewController.h */,
				4A08D6772281684E00A22E6C /* LLPublishDetailViewController.m */,
			);
			path = Center;
			sourceTree = "<group>";
		};
		4A3E35342269BD7800C4C96B /* UINavigationController+FDFullscreenPopGesture */ = {
			isa = PBXGroup;
			children = (
				4A3E35352269BD7800C4C96B /* UINavigationController+FDFullscreenPopGesture.h */,
				4A3E35362269BD7800C4C96B /* UINavigationController+FDFullscreenPopGesture.m */,
			);
			path = "UINavigationController+FDFullscreenPopGesture";
			sourceTree = "<group>";
		};
		4A3E35372269BD7800C4C96B /* BlocksKit */ = {
			isa = PBXGroup;
			children = (
				4A3E35382269BD7800C4C96B /* BlocksKit+UIKit.h */,
				4A3E35392269BD7800C4C96B /* Core */,
				4A3E353C2269BD7800C4C96B /* UIKit */,
				4A3E354D2269BD7800C4C96B /* DynamicDelegate */,
			);
			path = BlocksKit;
			sourceTree = "<group>";
		};
		4A3E35392269BD7800C4C96B /* Core */ = {
			isa = PBXGroup;
			children = (
				4A3E353A2269BD7800C4C96B /* NSTimer+BlocksKit.m */,
				4A3E353B2269BD7800C4C96B /* NSTimer+BlocksKit.h */,
			);
			path = Core;
			sourceTree = "<group>";
		};
		4A3E353C2269BD7800C4C96B /* UIKit */ = {
			isa = PBXGroup;
			children = (
				4A3E353D2269BD7800C4C96B /* UIActionSheet+BlocksKit.h */,
				4A3E353E2269BD7800C4C96B /* UIPopoverController+BlocksKit.h */,
				4A3E353F2269BD7800C4C96B /* UIWebView+BlocksKit.m */,
				4A3E35402269BD7800C4C96B /* UIControl+BlocksKit.h */,
				4A3E35412269BD7800C4C96B /* UIBarButtonItem+BlocksKit.m */,
				4A3E35422269BD7800C4C96B /* UIAlertView+BlocksKit.m */,
				4A3E35432269BD7800C4C96B /* UIView+BlocksKit.m */,
				4A3E35442269BD7800C4C96B /* UIGestureRecognizer+BlocksKit.m */,
				4A3E35452269BD7800C4C96B /* UIPopoverController+BlocksKit.m */,
				4A3E35462269BD7800C4C96B /* UIActionSheet+BlocksKit.m */,
				4A3E35472269BD7800C4C96B /* UIControl+BlocksKit.m */,
				4A3E35482269BD7800C4C96B /* UIWebView+BlocksKit.h */,
				4A3E35492269BD7800C4C96B /* UIView+BlocksKit.h */,
				4A3E354A2269BD7800C4C96B /* UIAlertView+BlocksKit.h */,
				4A3E354B2269BD7800C4C96B /* UIBarButtonItem+BlocksKit.h */,
				4A3E354C2269BD7800C4C96B /* UIGestureRecognizer+BlocksKit.h */,
			);
			path = UIKit;
			sourceTree = "<group>";
		};
		4A3E354D2269BD7800C4C96B /* DynamicDelegate */ = {
			isa = PBXGroup;
			children = (
				4A3E354E2269BD7800C4C96B /* A2BlockInvocation.m */,
				4A3E354F2269BD7800C4C96B /* NSObject+A2DynamicDelegate.h */,
				4A3E35502269BD7800C4C96B /* A2DynamicDelegate.h */,
				4A3E35512269BD7800C4C96B /* NSObject+A2BlockDelegate.m */,
				4A3E35522269BD7800C4C96B /* A2BlockInvocation.h */,
				4A3E35532269BD7800C4C96B /* A2DynamicDelegate.m */,
				4A3E35542269BD7800C4C96B /* NSObject+A2DynamicDelegate.m */,
				4A3E35552269BD7800C4C96B /* NSObject+A2BlockDelegate.h */,
			);
			path = DynamicDelegate;
			sourceTree = "<group>";
		};
		4AF29C472276DA8000622BC2 /* BaseView */ = {
			isa = PBXGroup;
			children = (
				4AF29C482276DB2600622BC2 /* LZYDateTimePickerView.h */,
				4AF29C492276DB2600622BC2 /* LZYDateTimePickerView.m */,
				4AF29CF02277E10B00622BC2 /* LZYConfirmView.h */,
				4AF29CF12277E10B00622BC2 /* LZYConfirmView.m */,
			);
			path = BaseView;
			sourceTree = "<group>";
		};
		4AF29CF32277F88B00622BC2 /* Module */ = {
			isa = PBXGroup;
			children = (
				4AF29CF52277F91000622BC2 /* Common */,
				4A08D6722280304800A22E6C /* Center */,
				4AFE35E02269A546003120DC /* Home */,
				4A08D66B22800DD300A22E6C /* Dynamic */,
				4A08D66722800DAA00A22E6C /* Message */,
				4A08D66322800D9A00A22E6C /* Mine */,
			);
			path = Module;
			sourceTree = "<group>";
		};
		4AF29CF42277F8A600622BC2 /* Support Files */ = {
			isa = PBXGroup;
			children = (
				4AFE35AE2269A52B003120DC /* AppDelegate.h */,
				4AFE35AF2269A52B003120DC /* AppDelegate.m */,
				4AFE35B12269A52B003120DC /* ViewController.h */,
				4AFE35B22269A52B003120DC /* ViewController.m */,
				4AFE35B42269A52B003120DC /* Main.storyboard */,
				4AFE35B72269A52C003120DC /* Assets.xcassets */,
				4AFE35B92269A52C003120DC /* LaunchScreen.storyboard */,
				4AFE35BC2269A52C003120DC /* Info.plist */,
				4AFE35BD2269A52C003120DC /* main.m */,
			);
			path = "Support Files";
			sourceTree = "<group>";
		};
		4AF29CF52277F91000622BC2 /* Common */ = {
			isa = PBXGroup;
			children = (
				4AF29CF62277FC2900622BC2 /* CustomTabBar.h */,
				4AF29CF72277FC2900622BC2 /* CustomTabBar.m */,
				4A08D65C2280098E00A22E6C /* LLCustomTabBarController.h */,
				4A08D65D2280098E00A22E6C /* LLCustomTabBarController.m */,
			);
			path = Common;
			sourceTree = "<group>";
		};
		4AFE35A22269A52B003120DC = {
			isa = PBXGroup;
			children = (
				4AFE35AD2269A52B003120DC /* LZYStudy */,
				4AFE35C62269A52C003120DC /* LZYStudyTests */,
				4AFE35D12269A52C003120DC /* LZYStudyUITests */,
				4AFE35AC2269A52B003120DC /* Products */,
				A6546ADE58E375526906EA7B /* Pods */,
				422D0D6ACDAB31D982566A3D /* Frameworks */,
			);
			sourceTree = "<group>";
		};
		4AFE35AC2269A52B003120DC /* Products */ = {
			isa = PBXGroup;
			children = (
				4AFE35AB2269A52B003120DC /* LZYStudy.app */,
				4AFE35C32269A52C003120DC /* LZYStudyTests.xctest */,
				4AFE35CE2269A52C003120DC /* LZYStudyUITests.xctest */,
			);
			name = Products;
			sourceTree = "<group>";
		};
		4AFE35AD2269A52B003120DC /* LZYStudy */ = {
			isa = PBXGroup;
			children = (
				4AF29CF42277F8A600622BC2 /* Support Files */,
				4AF29CF32277F88B00622BC2 /* Module */,
				4AFE35E42269AA7D003120DC /* Vender */,
			);
			path = LZYStudy;
			sourceTree = "<group>";
		};
		4AFE35C62269A52C003120DC /* LZYStudyTests */ = {
			isa = PBXGroup;
			children = (
				4AFE35C72269A52C003120DC /* LZYStudyTests.m */,
				4AFE35C92269A52C003120DC /* Info.plist */,
			);
			path = LZYStudyTests;
			sourceTree = "<group>";
		};
		4AFE35D12269A52C003120DC /* LZYStudyUITests */ = {
			isa = PBXGroup;
			children = (
				4AFE35D22269A52C003120DC /* LZYStudyUITests.m */,
				4AFE35D42269A52C003120DC /* Info.plist */,
			);
			path = LZYStudyUITests;
			sourceTree = "<group>";
		};
		4AFE35E02269A546003120DC /* Home */ = {
			isa = PBXGroup;
			children = (
				4A08D66022800D8E00A22E6C /* LLHomeViewController.h */,
				4A08D66122800D8E00A22E6C /* LLHomeViewController.m */,
			);
			path = Home;
			sourceTree = "<group>";
		};
		4AFE35E42269AA7D003120DC /* Vender */ = {
			isa = PBXGroup;
			children = (
				4AFE35E52269AACA003120DC /* LZYMacro.h */,
				4A08D65F228009B800A22E6C /* BaseController */,
				4AF29C472276DA8000622BC2 /* BaseView */,
				4AFE35EA2269B40D003120DC /* Category */,
			);
			path = Vender;
			sourceTree = "<group>";
		};
		4AFE35EA2269B40D003120DC /* Category */ = {
			isa = PBXGroup;
			children = (
				4A3E35372269BD7800C4C96B /* BlocksKit */,
				4AF29C4B2276E63300622BC2 /* NSDate+Transfer.h */,
				4AF29C4C2276E63300622BC2 /* NSDate+Transfer.m */,
				4A3E35CB2269C6B400C4C96B /* NSDictionary+SafeAccess.h */,
				4A3E35CC2269C6B400C4C96B /* NSDictionary+SafeAccess.m */,
				4A3E35D12269CC3700C4C96B /* NSString+Modify.h */,
				4A3E35D22269CC3700C4C96B /* NSString+Modify.m */,
				4AF29C4E2276E9C700622BC2 /* NSString+Transfer.h */,
				4AF29C4F2276E9C700622BC2 /* NSString+Transfer.m */,
				4A3E35702269BD8800C4C96B /* UIImage+Zip.h */,
				4A3E35882269BD8800C4C96B /* UIImage+Zip.m */,
				4A3E35342269BD7800C4C96B /* UINavigationController+FDFullscreenPopGesture */,
				4AFE35EE2269BA79003120DC /* UIView+Frame.h */,
				4AFE35EF2269BA79003120DC /* UIView+Frame.m */,
				4A3E35CE2269CA6200C4C96B /* UIView+RoundCorner.h */,
				4A3E35CF2269CA6200C4C96B /* UIView+RoundCorner.m */,
			);
			path = Category;
			sourceTree = "<group>";
		};
		A6546ADE58E375526906EA7B /* Pods */ = {
			isa = PBXGroup;
			children = (
				9F5C2FB829623524BE64D221 /* Pods-LZYStudy.debug.xcconfig */,
				9C694EE3CF1D6032E0B47A56 /* Pods-LZYStudy.release.xcconfig */,
				568BAA0739D0698BBA059F3B /* Pods-LZYStudyTests.debug.xcconfig */,
				8EDF339595885C817E27C665 /* Pods-LZYStudyTests.release.xcconfig */,
				EE72E4408400810A38880BFE /* Pods-LZYStudyUITests.debug.xcconfig */,
				06E74CCC4503672FE0FF2342 /* Pods-LZYStudyUITests.release.xcconfig */,
			);
			name = Pods;
			sourceTree = "<group>";
		};
/* End PBXGroup section */

/* Begin PBXNativeTarget section */
		4AFE35AA2269A52B003120DC /* LZYStudy */ = {
			isa = PBXNativeTarget;
			buildConfigurationList = 4AFE35D72269A52C003120DC /* Build configuration list for PBXNativeTarget "LZYStudy" */;
			buildPhases = (
				F42385E890B13EA9FA15309A /* [CP] Check Pods Manifest.lock */,
				4AFE35A72269A52B003120DC /* Sources */,
				4AFE35A82269A52B003120DC /* Frameworks */,
				4AFE35A92269A52B003120DC /* Resources */,
				45D9AE0254939F2FA040F9D4 /* [CP] Embed Pods Frameworks */,
			);
			buildRules = (
			);
			dependencies = (
			);
			name = LZYStudy;
			productName = LZYStudy;
			productReference = 4AFE35AB2269A52B003120DC /* LZYStudy.app */;
			productType = "com.apple.product-type.application";
		};
		4AFE35C22269A52C003120DC /* LZYStudyTests */ = {
			isa = PBXNativeTarget;
			buildConfigurationList = 4AFE35DA2269A52C003120DC /* Build configuration list for PBXNativeTarget "LZYStudyTests" */;
			buildPhases = (
				C0F0A6AAAC011D572319455D /* [CP] Check Pods Manifest.lock */,
				4AFE35BF2269A52C003120DC /* Sources */,
				4AFE35C02269A52C003120DC /* Frameworks */,
				4AFE35C12269A52C003120DC /* Resources */,
			);
			buildRules = (
			);
			dependencies = (
				4AFE35C52269A52C003120DC /* PBXTargetDependency */,
			);
			name = LZYStudyTests;
			productName = LZYStudyTests;
			productReference = 4AFE35C32269A52C003120DC /* LZYStudyTests.xctest */;
			productType = "com.apple.product-type.bundle.unit-test";
		};
		4AFE35CD2269A52C003120DC /* LZYStudyUITests */ = {
			isa = PBXNativeTarget;
			buildConfigurationList = 4AFE35DD2269A52C003120DC /* Build configuration list for PBXNativeTarget "LZYStudyUITests" */;
			buildPhases = (
				8EBD10B65072F27A923BDBED /* [CP] Check Pods Manifest.lock */,
				4AFE35CA2269A52C003120DC /* Sources */,
				4AFE35CB2269A52C003120DC /* Frameworks */,
				4AFE35CC2269A52C003120DC /* Resources */,
			);
			buildRules = (
			);
			dependencies = (
				4AFE35D02269A52C003120DC /* PBXTargetDependency */,
			);
			name = LZYStudyUITests;
			productName = LZYStudyUITests;
			productReference = 4AFE35CE2269A52C003120DC /* LZYStudyUITests.xctest */;
			productType = "com.apple.product-type.bundle.ui-testing";
		};
/* End PBXNativeTarget section */

/* Begin PBXProject section */
		4AFE35A32269A52B003120DC /* Project object */ = {
			isa = PBXProject;
			attributes = {
				LastUpgradeCheck = 1010;
				ORGANIZATIONNAME = lzy;
				TargetAttributes = {
					4AFE35AA2269A52B003120DC = {
						CreatedOnToolsVersion = 10.1;
					};
					4AFE35C22269A52C003120DC = {
						CreatedOnToolsVersion = 10.1;
						TestTargetID = 4AFE35AA2269A52B003120DC;
					};
					4AFE35CD2269A52C003120DC = {
						CreatedOnToolsVersion = 10.1;
						TestTargetID = 4AFE35AA2269A52B003120DC;
					};
				};
			};
			buildConfigurationList = 4AFE35A62269A52B003120DC /* Build configuration list for PBXProject "LZYStudy" */;
			compatibilityVersion = "Xcode 9.3";
			developmentRegion = en;
			hasScannedForEncodings = 0;
			knownRegions = (
				en,
				Base,
			);
			mainGroup = 4AFE35A22269A52B003120DC;
			productRefGroup = 4AFE35AC2269A52B003120DC /* Products */;
			projectDirPath = "";
			projectRoot = "";
			targets = (
				4AFE35AA2269A52B003120DC /* LZYStudy */,
				4AFE35C22269A52C003120DC /* LZYStudyTests */,
				4AFE35CD2269A52C003120DC /* LZYStudyUITests */,
			);
		};
/* End PBXProject section */

/* Begin PBXResourcesBuildPhase section */
		4AFE35A92269A52B003120DC /* Resources */ = {
			isa = PBXResourcesBuildPhase;
			buildActionMask = 2147483647;
			files = (
				4AFE35BB2269A52C003120DC /* LaunchScreen.storyboard in Resources */,
				4AFE35B82269A52C003120DC /* Assets.xcassets in Resources */,
				4AFE35B62269A52B003120DC /* Main.storyboard in Resources */,
			);
			runOnlyForDeploymentPostprocessing = 0;
		};
		4AFE35C12269A52C003120DC /* Resources */ = {
			isa = PBXResourcesBuildPhase;
			buildActionMask = 2147483647;
			files = (
			);
			runOnlyForDeploymentPostprocessing = 0;
		};
		4AFE35CC2269A52C003120DC /* Resources */ = {
			isa = PBXResourcesBuildPhase;
			buildActionMask = 2147483647;
			files = (
			);
			runOnlyForDeploymentPostprocessing = 0;
		};
/* End PBXResourcesBuildPhase section */

/* Begin PBXShellScriptBuildPhase section */
		45D9AE0254939F2FA040F9D4 /* [CP] Embed Pods Frameworks */ = {
			isa = PBXShellScriptBuildPhase;
			buildActionMask = 2147483647;
			files = (
			);
			inputFileListPaths = (
			);
			inputPaths = (
				"${SRCROOT}/Pods/Target Support Files/Pods-LZYStudy/Pods-LZYStudy-frameworks.sh",
				"${PODS_ROOT}/Masonry/ios/Masonry.framework",
				"${PODS_ROOT}/Masonry/ios/Masonry.framework.dSYM",
				"${BUILT_PRODUCTS_DIR}/SVProgressHUD/SVProgressHUD.framework",
			);
			name = "[CP] Embed Pods Frameworks";
			outputFileListPaths = (
			);
			outputPaths = (
				"${TARGET_BUILD_DIR}/${FRAMEWORKS_FOLDER_PATH}/Masonry.framework",
				"${DWARF_DSYM_FOLDER_PATH}/Masonry.framework.dSYM",
				"${TARGET_BUILD_DIR}/${FRAMEWORKS_FOLDER_PATH}/SVProgressHUD.framework",
			);
			runOnlyForDeploymentPostprocessing = 0;
			shellPath = /bin/sh;
			shellScript = "\"${SRCROOT}/Pods/Target Support Files/Pods-LZYStudy/Pods-LZYStudy-frameworks.sh\"\n";
			showEnvVarsInLog = 0;
		};
		8EBD10B65072F27A923BDBED /* [CP] Check Pods Manifest.lock */ = {
			isa = PBXShellScriptBuildPhase;
			buildActionMask = 2147483647;
			files = (
			);
			inputFileListPaths = (
			);
			inputPaths = (
				"${PODS_PODFILE_DIR_PATH}/Podfile.lock",
				"${PODS_ROOT}/Manifest.lock",
			);
			name = "[CP] Check Pods Manifest.lock";
			outputFileListPaths = (
			);
			outputPaths = (
				"$(DERIVED_FILE_DIR)/Pods-LZYStudyUITests-checkManifestLockResult.txt",
			);
			runOnlyForDeploymentPostprocessing = 0;
			shellPath = /bin/sh;
			shellScript = "diff \"${PODS_PODFILE_DIR_PATH}/Podfile.lock\" \"${PODS_ROOT}/Manifest.lock\" > /dev/null\nif [ $? != 0 ] ; then\n    # print error to STDERR\n    echo \"error: The sandbox is not in sync with the Podfile.lock. Run 'pod install' or update your CocoaPods installation.\" >&2\n    exit 1\nfi\n# This output is used by Xcode 'outputs' to avoid re-running this script phase.\necho \"SUCCESS\" > \"${SCRIPT_OUTPUT_FILE_0}\"\n";
			showEnvVarsInLog = 0;
		};
		C0F0A6AAAC011D572319455D /* [CP] Check Pods Manifest.lock */ = {
			isa = PBXShellScriptBuildPhase;
			buildActionMask = 2147483647;
			files = (
			);
			inputFileListPaths = (
			);
			inputPaths = (
				"${PODS_PODFILE_DIR_PATH}/Podfile.lock",
				"${PODS_ROOT}/Manifest.lock",
			);
			name = "[CP] Check Pods Manifest.lock";
			outputFileListPaths = (
			);
			outputPaths = (
				"$(DERIVED_FILE_DIR)/Pods-LZYStudyTests-checkManifestLockResult.txt",
			);
			runOnlyForDeploymentPostprocessing = 0;
			shellPath = /bin/sh;
			shellScript = "diff \"${PODS_PODFILE_DIR_PATH}/Podfile.lock\" \"${PODS_ROOT}/Manifest.lock\" > /dev/null\nif [ $? != 0 ] ; then\n    # print error to STDERR\n    echo \"error: The sandbox is not in sync with the Podfile.lock. Run 'pod install' or update your CocoaPods installation.\" >&2\n    exit 1\nfi\n# This output is used by Xcode 'outputs' to avoid re-running this script phase.\necho \"SUCCESS\" > \"${SCRIPT_OUTPUT_FILE_0}\"\n";
			showEnvVarsInLog = 0;
		};
		F42385E890B13EA9FA15309A /* [CP] Check Pods Manifest.lock */ = {
			isa = PBXShellScriptBuildPhase;
			buildActionMask = 2147483647;
			files = (
			);
			inputFileListPaths = (
			);
			inputPaths = (
				"${PODS_PODFILE_DIR_PATH}/Podfile.lock",
				"${PODS_ROOT}/Manifest.lock",
			);
			name = "[CP] Check Pods Manifest.lock";
			outputFileListPaths = (
			);
			outputPaths = (
				"$(DERIVED_FILE_DIR)/Pods-LZYStudy-checkManifestLockResult.txt",
			);
			runOnlyForDeploymentPostprocessing = 0;
			shellPath = /bin/sh;
			shellScript = "diff \"${PODS_PODFILE_DIR_PATH}/Podfile.lock\" \"${PODS_ROOT}/Manifest.lock\" > /dev/null\nif [ $? != 0 ] ; then\n    # print error to STDERR\n    echo \"error: The sandbox is not in sync with the Podfile.lock. Run 'pod install' or update your CocoaPods installation.\" >&2\n    exit 1\nfi\n# This output is used by Xcode 'outputs' to avoid re-running this script phase.\necho \"SUCCESS\" > \"${SCRIPT_OUTPUT_FILE_0}\"\n";
			showEnvVarsInLog = 0;
		};
/* End PBXShellScriptBuildPhase section */

/* Begin PBXSourcesBuildPhase section */
		4AFE35A72269A52B003120DC /* Sources */ = {
			isa = PBXSourcesBuildPhase;
			buildActionMask = 2147483647;
			files = (
				4A3E355C2269BD7800C4C96B /* UIGestureRecognizer+BlocksKit.m in Sources */,
				4A08D66222800D8E00A22E6C /* LLHomeViewController.m in Sources */,
				4AF29C4A2276DB2600622BC2 /* LZYDateTimePickerView.m in Sources */,
				4A3E35D02269CA6200C4C96B /* UIView+RoundCorner.m in Sources */,
				4A3E35582269BD7800C4C96B /* UIWebView+BlocksKit.m in Sources */,
				4A3E35562269BD7800C4C96B /* UINavigationController+FDFullscreenPopGesture.m in Sources */,
				4A3E355B2269BD7800C4C96B /* UIView+BlocksKit.m in Sources */,
				4A08D6782281684E00A22E6C /* LLPublishDetailViewController.m in Sources */,
				4A3E35592269BD7800C4C96B /* UIBarButtonItem+BlocksKit.m in Sources */,
				4A3E35B42269BD8800C4C96B /* UIImage+Zip.m in Sources */,
				4AFE35B32269A52B003120DC /* ViewController.m in Sources */,
				4A08D66E22800DDD00A22E6C /* LLDynamicViewController.m in Sources */,
				4A3E35612269BD7800C4C96B /* NSObject+A2BlockDelegate.m in Sources */,
				4A3E35622269BD7800C4C96B /* A2DynamicDelegate.m in Sources */,
				4A3E35602269BD7800C4C96B /* A2BlockInvocation.m in Sources */,
				4A08D66622800DA400A22E6C /* LLMineViewController.m in Sources */,
				4AF29CF82277FC2900622BC2 /* CustomTabBar.m in Sources */,
				4A3E355E2269BD7800C4C96B /* UIActionSheet+BlocksKit.m in Sources */,
				4A08D66A22800DB600A22E6C /* LLMessageViewController.m in Sources */,
				4A08D67122800EF100A22E6C /* LZYCustomBaseNavigationViewController.m in Sources */,
				4AFE35BE2269A52C003120DC /* main.m in Sources */,
				4AFE35B02269A52B003120DC /* AppDelegate.m in Sources */,
				4A3E35572269BD7800C4C96B /* NSTimer+BlocksKit.m in Sources */,
				4A3E35D32269CC3700C4C96B /* NSString+Modify.m in Sources */,
				4AFE35F02269BA79003120DC /* UIView+Frame.m in Sources */,
				4AF29C4D2276E63300622BC2 /* NSDate+Transfer.m in Sources */,
				4A3E355D2269BD7800C4C96B /* UIPopoverController+BlocksKit.m in Sources */,
				4A08D6752280306000A22E6C /* LLPublishViewController.m in Sources */,
				4A3E355F2269BD7800C4C96B /* UIControl+BlocksKit.m in Sources */,
				4A08D65E2280098E00A22E6C /* LLCustomTabBarController.m in Sources */,
				4AF29C502276E9C700622BC2 /* NSString+Transfer.m in Sources */,
				4A3E35CD2269C6B400C4C96B /* NSDictionary+SafeAccess.m in Sources */,
				4AF29CFB22781E1700622BC2 /* LZYCustomBaseTabBarController.m in Sources */,
				4A3E355A2269BD7800C4C96B /* UIAlertView+BlocksKit.m in Sources */,
				4AF29CF22277E10B00622BC2 /* LZYConfirmView.m in Sources */,
				4A3E35632269BD7800C4C96B /* NSObject+A2DynamicDelegate.m in Sources */,
			);
			runOnlyForDeploymentPostprocessing = 0;
		};
		4AFE35BF2269A52C003120DC /* Sources */ = {
			isa = PBXSourcesBuildPhase;
			buildActionMask = 2147483647;
			files = (
				4AFE35C82269A52C003120DC /* LZYStudyTests.m in Sources */,
			);
			runOnlyForDeploymentPostprocessing = 0;
		};
		4AFE35CA2269A52C003120DC /* Sources */ = {
			isa = PBXSourcesBuildPhase;
			buildActionMask = 2147483647;
			files = (
				4AFE35D32269A52C003120DC /* LZYStudyUITests.m in Sources */,
			);
			runOnlyForDeploymentPostprocessing = 0;
		};
/* End PBXSourcesBuildPhase section */

/* Begin PBXTargetDependency section */
		4AFE35C52269A52C003120DC /* PBXTargetDependency */ = {
			isa = PBXTargetDependency;
			target = 4AFE35AA2269A52B003120DC /* LZYStudy */;
			targetProxy = 4AFE35C42269A52C003120DC /* PBXContainerItemProxy */;
		};
		4AFE35D02269A52C003120DC /* PBXTargetDependency */ = {
			isa = PBXTargetDependency;
			target = 4AFE35AA2269A52B003120DC /* LZYStudy */;
			targetProxy = 4AFE35CF2269A52C003120DC /* PBXContainerItemProxy */;
		};
/* End PBXTargetDependency section */

/* Begin PBXVariantGroup section */
		4AFE35B42269A52B003120DC /* Main.storyboard */ = {
			isa = PBXVariantGroup;
			children = (
				4AFE35B52269A52B003120DC /* Base */,
			);
			name = Main.storyboard;
			sourceTree = "<group>";
		};
		4AFE35B92269A52C003120DC /* LaunchScreen.storyboard */ = {
			isa = PBXVariantGroup;
			children = (
				4AFE35BA2269A52C003120DC /* Base */,
			);
			name = LaunchScreen.storyboard;
			sourceTree = "<group>";
		};
/* End PBXVariantGroup section */

/* Begin XCBuildConfiguration section */
		4AFE35D52269A52C003120DC /* Debug */ = {
			isa = XCBuildConfiguration;
			buildSettings = {
				ALWAYS_SEARCH_USER_PATHS = NO;
				CLANG_ANALYZER_NONNULL = YES;
				CLANG_ANALYZER_NUMBER_OBJECT_CONVERSION = YES_AGGRESSIVE;
				CLANG_CXX_LANGUAGE_STANDARD = "gnu++14";
				CLANG_CXX_LIBRARY = "libc++";
				CLANG_ENABLE_MODULES = YES;
				CLANG_ENABLE_OBJC_ARC = YES;
				CLANG_ENABLE_OBJC_WEAK = YES;
				CLANG_WARN_BLOCK_CAPTURE_AUTORELEASING = YES;
				CLANG_WARN_BOOL_CONVERSION = YES;
				CLANG_WARN_COMMA = YES;
				CLANG_WARN_CONSTANT_CONVERSION = YES;
				CLANG_WARN_DEPRECATED_OBJC_IMPLEMENTATIONS = YES;
				CLANG_WARN_DIRECT_OBJC_ISA_USAGE = YES_ERROR;
				CLANG_WARN_DOCUMENTATION_COMMENTS = YES;
				CLANG_WARN_EMPTY_BODY = YES;
				CLANG_WARN_ENUM_CONVERSION = YES;
				CLANG_WARN_INFINITE_RECURSION = YES;
				CLANG_WARN_INT_CONVERSION = YES;
				CLANG_WARN_NON_LITERAL_NULL_CONVERSION = YES;
				CLANG_WARN_OBJC_IMPLICIT_RETAIN_SELF = YES;
				CLANG_WARN_OBJC_LITERAL_CONVERSION = YES;
				CLANG_WARN_OBJC_ROOT_CLASS = YES_ERROR;
				CLANG_WARN_RANGE_LOOP_ANALYSIS = YES;
				CLANG_WARN_STRICT_PROTOTYPES = YES;
				CLANG_WARN_SUSPICIOUS_MOVE = YES;
				CLANG_WARN_UNGUARDED_AVAILABILITY = YES_AGGRESSIVE;
				CLANG_WARN_UNREACHABLE_CODE = YES;
				CLANG_WARN__DUPLICATE_METHOD_MATCH = YES;
				CODE_SIGN_IDENTITY = "iPhone Developer";
				COPY_PHASE_STRIP = NO;
				DEBUG_INFORMATION_FORMAT = dwarf;
				ENABLE_STRICT_OBJC_MSGSEND = YES;
				ENABLE_TESTABILITY = YES;
				GCC_C_LANGUAGE_STANDARD = gnu11;
				GCC_DYNAMIC_NO_PIC = NO;
				GCC_NO_COMMON_BLOCKS = YES;
				GCC_OPTIMIZATION_LEVEL = 0;
				GCC_PREPROCESSOR_DEFINITIONS = (
					"DEBUG=1",
					"$(inherited)",
				);
				GCC_WARN_64_TO_32_BIT_CONVERSION = YES;
				GCC_WARN_ABOUT_RETURN_TYPE = YES_ERROR;
				GCC_WARN_UNDECLARED_SELECTOR = YES;
				GCC_WARN_UNINITIALIZED_AUTOS = YES_AGGRESSIVE;
				GCC_WARN_UNUSED_FUNCTION = YES;
				GCC_WARN_UNUSED_VARIABLE = YES;
				IPHONEOS_DEPLOYMENT_TARGET = 12.1;
				MTL_ENABLE_DEBUG_INFO = INCLUDE_SOURCE;
				MTL_FAST_MATH = YES;
				ONLY_ACTIVE_ARCH = YES;
				SDKROOT = iphoneos;
			};
			name = Debug;
		};
		4AFE35D62269A52C003120DC /* Release */ = {
			isa = XCBuildConfiguration;
			buildSettings = {
				ALWAYS_SEARCH_USER_PATHS = NO;
				CLANG_ANALYZER_NONNULL = YES;
				CLANG_ANALYZER_NUMBER_OBJECT_CONVERSION = YES_AGGRESSIVE;
				CLANG_CXX_LANGUAGE_STANDARD = "gnu++14";
				CLANG_CXX_LIBRARY = "libc++";
				CLANG_ENABLE_MODULES = YES;
				CLANG_ENABLE_OBJC_ARC = YES;
				CLANG_ENABLE_OBJC_WEAK = YES;
				CLANG_WARN_BLOCK_CAPTURE_AUTORELEASING = YES;
				CLANG_WARN_BOOL_CONVERSION = YES;
				CLANG_WARN_COMMA = YES;
				CLANG_WARN_CONSTANT_CONVERSION = YES;
				CLANG_WARN_DEPRECATED_OBJC_IMPLEMENTATIONS = YES;
				CLANG_WARN_DIRECT_OBJC_ISA_USAGE = YES_ERROR;
				CLANG_WARN_DOCUMENTATION_COMMENTS = YES;
				CLANG_WARN_EMPTY_BODY = YES;
				CLANG_WARN_ENUM_CONVERSION = YES;
				CLANG_WARN_INFINITE_RECURSION = YES;
				CLANG_WARN_INT_CONVERSION = YES;
				CLANG_WARN_NON_LITERAL_NULL_CONVERSION = YES;
				CLANG_WARN_OBJC_IMPLICIT_RETAIN_SELF = YES;
				CLANG_WARN_OBJC_LITERAL_CONVERSION = YES;
				CLANG_WARN_OBJC_ROOT_CLASS = YES_ERROR;
				CLANG_WARN_RANGE_LOOP_ANALYSIS = YES;
				CLANG_WARN_STRICT_PROTOTYPES = YES;
				CLANG_WARN_SUSPICIOUS_MOVE = YES;
				CLANG_WARN_UNGUARDED_AVAILABILITY = YES_AGGRESSIVE;
				CLANG_WARN_UNREACHABLE_CODE = YES;
				CLANG_WARN__DUPLICATE_METHOD_MATCH = YES;
				CODE_SIGN_IDENTITY = "iPhone Developer";
				COPY_PHASE_STRIP = NO;
				DEBUG_INFORMATION_FORMAT = "dwarf-with-dsym";
				ENABLE_NS_ASSERTIONS = NO;
				ENABLE_STRICT_OBJC_MSGSEND = YES;
				GCC_C_LANGUAGE_STANDARD = gnu11;
				GCC_NO_COMMON_BLOCKS = YES;
				GCC_WARN_64_TO_32_BIT_CONVERSION = YES;
				GCC_WARN_ABOUT_RETURN_TYPE = YES_ERROR;
				GCC_WARN_UNDECLARED_SELECTOR = YES;
				GCC_WARN_UNINITIALIZED_AUTOS = YES_AGGRESSIVE;
				GCC_WARN_UNUSED_FUNCTION = YES;
				GCC_WARN_UNUSED_VARIABLE = YES;
				IPHONEOS_DEPLOYMENT_TARGET = 12.1;
				MTL_ENABLE_DEBUG_INFO = NO;
				MTL_FAST_MATH = YES;
				SDKROOT = iphoneos;
				VALIDATE_PRODUCT = YES;
			};
			name = Release;
		};
		4AFE35D82269A52C003120DC /* Debug */ = {
			isa = XCBuildConfiguration;
			baseConfigurationReference = 9F5C2FB829623524BE64D221 /* Pods-LZYStudy.debug.xcconfig */;
			buildSettings = {
				ASSETCATALOG_COMPILER_APPICON_NAME = AppIcon;
				CODE_SIGN_STYLE = Automatic;
				DEVELOPMENT_TEAM = 5DYL533N39;
				HEADER_SEARCH_PATHS = $PODS_ROOT;
				INFOPLIST_FILE = "/Users/cisdi/LZYStudy/LZYStudy/LZYStudy/Support Files/Info.plist";
				LD_RUNPATH_SEARCH_PATHS = (
					"$(inherited)",
					"@executable_path/Frameworks",
				);
				PRODUCT_BUNDLE_IDENTIFIER = lzy.LZYStudy;
				PRODUCT_NAME = "$(TARGET_NAME)";
				TARGETED_DEVICE_FAMILY = "1,2";
			};
			name = Debug;
		};
		4AFE35D92269A52C003120DC /* Release */ = {
			isa = XCBuildConfiguration;
			baseConfigurationReference = 9C694EE3CF1D6032E0B47A56 /* Pods-LZYStudy.release.xcconfig */;
			buildSettings = {
				ASSETCATALOG_COMPILER_APPICON_NAME = AppIcon;
				CODE_SIGN_STYLE = Automatic;
				DEVELOPMENT_TEAM = 5DYL533N39;
				HEADER_SEARCH_PATHS = $PODS_ROOT;
				INFOPLIST_FILE = "/Users/cisdi/LZYStudy/LZYStudy/LZYStudy/Support Files/Info.plist";
				LD_RUNPATH_SEARCH_PATHS = (
					"$(inherited)",
					"@executable_path/Frameworks",
				);
				PRODUCT_BUNDLE_IDENTIFIER = lzy.LZYStudy;
				PRODUCT_NAME = "$(TARGET_NAME)";
				TARGETED_DEVICE_FAMILY = "1,2";
			};
			name = Release;
		};
		4AFE35DB2269A52C003120DC /* Debug */ = {
			isa = XCBuildConfiguration;
			baseConfigurationReference = 568BAA0739D0698BBA059F3B /* Pods-LZYStudyTests.debug.xcconfig */;
			buildSettings = {
				BUNDLE_LOADER = "$(TEST_HOST)";
				CODE_SIGN_STYLE = Automatic;
				INFOPLIST_FILE = LZYStudyTests/Info.plist;
				LD_RUNPATH_SEARCH_PATHS = (
					"$(inherited)",
					"@executable_path/Frameworks",
					"@loader_path/Frameworks",
				);
				PRODUCT_BUNDLE_IDENTIFIER = lzy.LZYStudyTests;
				PRODUCT_NAME = "$(TARGET_NAME)";
				TARGETED_DEVICE_FAMILY = "1,2";
				TEST_HOST = "$(BUILT_PRODUCTS_DIR)/LZYStudy.app/LZYStudy";
			};
			name = Debug;
		};
		4AFE35DC2269A52C003120DC /* Release */ = {
			isa = XCBuildConfiguration;
			baseConfigurationReference = 8EDF339595885C817E27C665 /* Pods-LZYStudyTests.release.xcconfig */;
			buildSettings = {
				BUNDLE_LOADER = "$(TEST_HOST)";
				CODE_SIGN_STYLE = Automatic;
				INFOPLIST_FILE = LZYStudyTests/Info.plist;
				LD_RUNPATH_SEARCH_PATHS = (
					"$(inherited)",
					"@executable_path/Frameworks",
					"@loader_path/Frameworks",
				);
				PRODUCT_BUNDLE_IDENTIFIER = lzy.LZYStudyTests;
				PRODUCT_NAME = "$(TARGET_NAME)";
				TARGETED_DEVICE_FAMILY = "1,2";
				TEST_HOST = "$(BUILT_PRODUCTS_DIR)/LZYStudy.app/LZYStudy";
			};
			name = Release;
		};
		4AFE35DE2269A52C003120DC /* Debug */ = {
			isa = XCBuildConfiguration;
			baseConfigurationReference = EE72E4408400810A38880BFE /* Pods-LZYStudyUITests.debug.xcconfig */;
			buildSettings = {
				CODE_SIGN_STYLE = Automatic;
				INFOPLIST_FILE = LZYStudyUITests/Info.plist;
				LD_RUNPATH_SEARCH_PATHS = (
					"$(inherited)",
					"@executable_path/Frameworks",
					"@loader_path/Frameworks",
				);
				PRODUCT_BUNDLE_IDENTIFIER = lzy.LZYStudyUITests;
				PRODUCT_NAME = "$(TARGET_NAME)";
				TARGETED_DEVICE_FAMILY = "1,2";
				TEST_TARGET_NAME = LZYStudy;
			};
			name = Debug;
		};
		4AFE35DF2269A52C003120DC /* Release */ = {
			isa = XCBuildConfiguration;
			baseConfigurationReference = 06E74CCC4503672FE0FF2342 /* Pods-LZYStudyUITests.release.xcconfig */;
			buildSettings = {
				CODE_SIGN_STYLE = Automatic;
				INFOPLIST_FILE = LZYStudyUITests/Info.plist;
				LD_RUNPATH_SEARCH_PATHS = (
					"$(inherited)",
					"@executable_path/Frameworks",
					"@loader_path/Frameworks",
				);
				PRODUCT_BUNDLE_IDENTIFIER = lzy.LZYStudyUITests;
				PRODUCT_NAME = "$(TARGET_NAME)";
				TARGETED_DEVICE_FAMILY = "1,2";
				TEST_TARGET_NAME = LZYStudy;
			};
			name = Release;
		};
/* End XCBuildConfiguration section */

/* Begin XCConfigurationList section */
		4AFE35A62269A52B003120DC /* Build configuration list for PBXProject "LZYStudy" */ = {
			isa = XCConfigurationList;
			buildConfigurations = (
				4AFE35D52269A52C003120DC /* Debug */,
				4AFE35D62269A52C003120DC /* Release */,
			);
			defaultConfigurationIsVisible = 0;
			defaultConfigurationName = Release;
		};
		4AFE35D72269A52C003120DC /* Build configuration list for PBXNativeTarget "LZYStudy" */ = {
			isa = XCConfigurationList;
			buildConfigurations = (
				4AFE35D82269A52C003120DC /* Debug */,
				4AFE35D92269A52C003120DC /* Release */,
			);
			defaultConfigurationIsVisible = 0;
			defaultConfigurationName = Release;
		};
		4AFE35DA2269A52C003120DC /* Build configuration list for PBXNativeTarget "LZYStudyTests" */ = {
			isa = XCConfigurationList;
			buildConfigurations = (
				4AFE35DB2269A52C003120DC /* Debug */,
				4AFE35DC2269A52C003120DC /* Release */,
			);
			defaultConfigurationIsVisible = 0;
			defaultConfigurationName = Release;
		};
		4AFE35DD2269A52C003120DC /* Build configuration list for PBXNativeTarget "LZYStudyUITests" */ = {
			isa = XCConfigurationList;
			buildConfigurations = (
				4AFE35DE2269A52C003120DC /* Debug */,
				4AFE35DF2269A52C003120DC /* Release */,
			);
			defaultConfigurationIsVisible = 0;
			defaultConfigurationName = Release;
		};
/* End XCConfigurationList section */
	};
	rootObject = 4AFE35A32269A52B003120DC /* Project object */;
}
